// !$*UTF8*$!
{
	archiveVersion = 1;
	classes = {
	};
	objectVersion = 50;
	objects = {

/* Begin PBXBuildFile section */
		1E349E5028AC0576000A31FE /* AppDelegate.swift in Sources */ = {isa = PBXBuildFile; fileRef = 1E349E4F28AC0576000A31FE /* AppDelegate.swift */; };
		1E349E5228AC0576000A31FE /* SceneDelegate.swift in Sources */ = {isa = PBXBuildFile; fileRef = 1E349E5128AC0576000A31FE /* SceneDelegate.swift */; };
		1E349E5428AC0576000A31FE /* ViewController.swift in Sources */ = {isa = PBXBuildFile; fileRef = 1E349E5328AC0576000A31FE /* ViewController.swift */; };
		1E349E5728AC0576000A31FE /* Main.storyboard in Resources */ = {isa = PBXBuildFile; fileRef = 1E349E5528AC0576000A31FE /* Main.storyboard */; };
		1E349E5928AC0577000A31FE /* Assets.xcassets in Resources */ = {isa = PBXBuildFile; fileRef = 1E349E5828AC0577000A31FE /* Assets.xcassets */; };
		1E349E5C28AC0577000A31FE /* LaunchScreen.storyboard in Resources */ = {isa = PBXBuildFile; fileRef = 1E349E5A28AC0577000A31FE /* LaunchScreen.storyboard */; };
		1E349E6628AC05B9000A31FE /* LoginRequest.swift in Sources */ = {isa = PBXBuildFile; fileRef = 1E349E6528AC05B9000A31FE /* LoginRequest.swift */; };
		1E349E6928AC05CE000A31FE /* LoginResponse.swift in Sources */ = {isa = PBXBuildFile; fileRef = 1E349E6828AC05CE000A31FE /* LoginResponse.swift */; };
		1E349E6D28AC0654000A31FE /* LoginViewController.swift in Sources */ = {isa = PBXBuildFile; fileRef = 1E349E6C28AC0654000A31FE /* LoginViewController.swift */; };
		1E349E7228AC073C000A31FE /* Validation.swift in Sources */ = {isa = PBXBuildFile; fileRef = 1E349E7128AC073C000A31FE /* Validation.swift */; };
		1E349E7728AC0850000A31FE /* ValidationResult.swift in Sources */ = {isa = PBXBuildFile; fileRef = 1E349E7628AC0850000A31FE /* ValidationResult.swift */; };
		1E349E7B28AC08FE000A31FE /* LoginViewModel.swift in Sources */ = {isa = PBXBuildFile; fileRef = 1E349E7A28AC08FE000A31FE /* LoginViewModel.swift */; };
		1E349E8028AC0AF4000A31FE /* Common.swift in Sources */ = {isa = PBXBuildFile; fileRef = 1E349E7F28AC0AF4000A31FE /* Common.swift */; };
		1E349E8528AC114A000A31FE /* UserListViewController.swift in Sources */ = {isa = PBXBuildFile; fileRef = 1E349E8428AC114A000A31FE /* UserListViewController.swift */; };
		1E349E8A28AC133D000A31FE /* HttpUtility.swift in Sources */ = {isa = PBXBuildFile; fileRef = 1E349E8928AC133D000A31FE /* HttpUtility.swift */; };
		1E349E8E28AC139F000A31FE /* UserListViewModel.swift in Sources */ = {isa = PBXBuildFile; fileRef = 1E349E8D28AC139F000A31FE /* UserListViewModel.swift */; };
		1E349E9128AC1598000A31FE /* UserListModel.swift in Sources */ = {isa = PBXBuildFile; fileRef = 1E349E9028AC1598000A31FE /* UserListModel.swift */; };
		1E349E9628AC1935000A31FE /* UserTableViewCell.swift in Sources */ = {isa = PBXBuildFile; fileRef = 1E349E9428AC1935000A31FE /* UserTableViewCell.swift */; };
		1E349E9728AC1935000A31FE /* UserTableViewCell.xib in Resources */ = {isa = PBXBuildFile; fileRef = 1E349E9528AC1935000A31FE /* UserTableViewCell.xib */; };
		BDCF9E4A28AE722F00C84DF2 /* MapViewController.swift in Sources */ = {isa = PBXBuildFile; fileRef = BDCF9E4928AE722F00C84DF2 /* MapViewController.swift */; };
/* End PBXBuildFile section */

/* Begin PBXFileReference section */
		1E349E4C28AC0576000A31FE /* LoginMVVM.app */ = {isa = PBXFileReference; explicitFileType = wrapper.application; includeInIndex = 0; path = LoginMVVM.app; sourceTree = BUILT_PRODUCTS_DIR; };
		1E349E4F28AC0576000A31FE /* AppDelegate.swift */ = {isa = PBXFileReference; lastKnownFileType = sourcecode.swift; path = AppDelegate.swift; sourceTree = "<group>"; };
		1E349E5128AC0576000A31FE /* SceneDelegate.swift */ = {isa = PBXFileReference; lastKnownFileType = sourcecode.swift; path = SceneDelegate.swift; sourceTree = "<group>"; };
		1E349E5328AC0576000A31FE /* ViewController.swift */ = {isa = PBXFileReference; lastKnownFileType = sourcecode.swift; path = ViewController.swift; sourceTree = "<group>"; };
		1E349E5628AC0576000A31FE /* Base */ = {isa = PBXFileReference; lastKnownFileType = file.storyboard; name = Base; path = Base.lproj/Main.storyboard; sourceTree = "<group>"; };
		1E349E5828AC0577000A31FE /* Assets.xcassets */ = {isa = PBXFileReference; lastKnownFileType = folder.assetcatalog; path = Assets.xcassets; sourceTree = "<group>"; };
		1E349E5B28AC0577000A31FE /* Base */ = {isa = PBXFileReference; lastKnownFileType = file.storyboard; name = Base; path = Base.lproj/LaunchScreen.storyboard; sourceTree = "<group>"; };
		1E349E5D28AC0577000A31FE /* Info.plist */ = {isa = PBXFileReference; lastKnownFileType = text.plist.xml; path = Info.plist; sourceTree = "<group>"; };
		1E349E6528AC05B9000A31FE /* LoginRequest.swift */ = {isa = PBXFileReference; lastKnownFileType = sourcecode.swift; path = LoginRequest.swift; sourceTree = "<group>"; };
		1E349E6828AC05CE000A31FE /* LoginResponse.swift */ = {isa = PBXFileReference; lastKnownFileType = sourcecode.swift; path = LoginResponse.swift; sourceTree = "<group>"; };
		1E349E6C28AC0654000A31FE /* LoginViewController.swift */ = {isa = PBXFileReference; lastKnownFileType = sourcecode.swift; path = LoginViewController.swift; sourceTree = "<group>"; };
		1E349E7128AC073C000A31FE /* Validation.swift */ = {isa = PBXFileReference; lastKnownFileType = sourcecode.swift; path = Validation.swift; sourceTree = "<group>"; };
		1E349E7628AC0850000A31FE /* ValidationResult.swift */ = {isa = PBXFileReference; lastKnownFileType = sourcecode.swift; path = ValidationResult.swift; sourceTree = "<group>"; };
		1E349E7A28AC08FE000A31FE /* LoginViewModel.swift */ = {isa = PBXFileReference; lastKnownFileType = sourcecode.swift; path = LoginViewModel.swift; sourceTree = "<group>"; };
		1E349E7F28AC0AF4000A31FE /* Common.swift */ = {isa = PBXFileReference; lastKnownFileType = sourcecode.swift; path = Common.swift; sourceTree = "<group>"; };
		1E349E8428AC114A000A31FE /* UserListViewController.swift */ = {isa = PBXFileReference; lastKnownFileType = sourcecode.swift; path = UserListViewController.swift; sourceTree = "<group>"; };
		1E349E8928AC133D000A31FE /* HttpUtility.swift */ = {isa = PBXFileReference; lastKnownFileType = sourcecode.swift; path = HttpUtility.swift; sourceTree = "<group>"; };
		1E349E8D28AC139F000A31FE /* UserListViewModel.swift */ = {isa = PBXFileReference; lastKnownFileType = sourcecode.swift; path = UserListViewModel.swift; sourceTree = "<group>"; };
		1E349E9028AC1598000A31FE /* UserListModel.swift */ = {isa = PBXFileReference; lastKnownFileType = sourcecode.swift; path = UserListModel.swift; sourceTree = "<group>"; };
		1E349E9428AC1935000A31FE /* UserTableViewCell.swift */ = {isa = PBXFileReference; lastKnownFileType = sourcecode.swift; path = UserTableViewCell.swift; sourceTree = "<group>"; };
		1E349E9528AC1935000A31FE /* UserTableViewCell.xib */ = {isa = PBXFileReference; lastKnownFileType = file.xib; path = UserTableViewCell.xib; sourceTree = "<group>"; };
		BDCF9E4928AE722F00C84DF2 /* MapViewController.swift */ = {isa = PBXFileReference; lastKnownFileType = sourcecode.swift; path = MapViewController.swift; sourceTree = "<group>"; };
/* End PBXFileReference section */

/* Begin PBXFrameworksBuildPhase section */
		1E349E4928AC0576000A31FE /* Frameworks */ = {
			isa = PBXFrameworksBuildPhase;
			buildActionMask = 2147483647;
			files = (
			);
			runOnlyForDeploymentPostprocessing = 0;
		};
/* End PBXFrameworksBuildPhase section */

/* Begin PBXGroup section */
		1E349E4328AC0576000A31FE = {
			isa = PBXGroup;
			children = (
				1E349E4E28AC0576000A31FE /* LoginMVVM */,
				1E349E4D28AC0576000A31FE /* Products */,
			);
			sourceTree = "<group>";
		};
		1E349E4D28AC0576000A31FE /* Products */ = {
			isa = PBXGroup;
			children = (
				1E349E4C28AC0576000A31FE /* LoginMVVM.app */,
			);
			name = Products;
			sourceTree = "<group>";
		};
		1E349E4E28AC0576000A31FE /* LoginMVVM */ = {
			isa = PBXGroup;
			children = (
				1E349E8828AC1332000A31FE /* Services */,
				1E349E7E28AC0AE5000A31FE /* Common */,
				1E349E7928AC08EF000A31FE /* ViewModel */,
				1E349E7028AC0713000A31FE /* Validations */,
				1E349E6B28AC0640000A31FE /* View */,
				1E349E6428AC0594000A31FE /* LoginModels */,
				1E349E4F28AC0576000A31FE /* AppDelegate.swift */,
				1E349E5128AC0576000A31FE /* SceneDelegate.swift */,
				1E349E5328AC0576000A31FE /* ViewController.swift */,
				1E349E5528AC0576000A31FE /* Main.storyboard */,
				1E349E5828AC0577000A31FE /* Assets.xcassets */,
				1E349E5A28AC0577000A31FE /* LaunchScreen.storyboard */,
				1E349E5D28AC0577000A31FE /* Info.plist */,
			);
			path = LoginMVVM;
			sourceTree = "<group>";
		};
		1E349E6428AC0594000A31FE /* LoginModels */ = {
			isa = PBXGroup;
			children = (
				1E349E6528AC05B9000A31FE /* LoginRequest.swift */,
				1E349E6828AC05CE000A31FE /* LoginResponse.swift */,
				1E349E9028AC1598000A31FE /* UserListModel.swift */,
			);
			path = LoginModels;
			sourceTree = "<group>";
		};
		1E349E6B28AC0640000A31FE /* View */ = {
			isa = PBXGroup;
			children = (
				1E349E9328AC1908000A31FE /* Cells */,
				1E349E6C28AC0654000A31FE /* LoginViewController.swift */,
				1E349E8428AC114A000A31FE /* UserListViewController.swift */,
				BDCF9E4928AE722F00C84DF2 /* MapViewController.swift */,
			);
			path = View;
			sourceTree = "<group>";
		};
		1E349E7028AC0713000A31FE /* Validations */ = {
			isa = PBXGroup;
			children = (
				1E349E7128AC073C000A31FE /* Validation.swift */,
				1E349E7628AC0850000A31FE /* ValidationResult.swift */,
			);
			path = Validations;
			sourceTree = "<group>";
		};
		1E349E7928AC08EF000A31FE /* ViewModel */ = {
			isa = PBXGroup;
			children = (
				1E349E7A28AC08FE000A31FE /* LoginViewModel.swift */,
				1E349E8D28AC139F000A31FE /* UserListViewModel.swift */,
			);
			path = ViewModel;
			sourceTree = "<group>";
		};
		1E349E7E28AC0AE5000A31FE /* Common */ = {
			isa = PBXGroup;
			children = (
				1E349E7F28AC0AF4000A31FE /* Common.swift */,
			);
			path = Common;
			sourceTree = "<group>";
		};
		1E349E8828AC1332000A31FE /* Services */ = {
			isa = PBXGroup;
			children = (
				1E349E8928AC133D000A31FE /* HttpUtility.swift */,
			);
			path = Services;
			sourceTree = "<group>";
		};
		1E349E9328AC1908000A31FE /* Cells */ = {
			isa = PBXGroup;
			children = (
				1E349E9428AC1935000A31FE /* UserTableViewCell.swift */,
				1E349E9528AC1935000A31FE /* UserTableViewCell.xib */,
			);
			path = Cells;
			sourceTree = "<group>";
		};
/* End PBXGroup section */

/* Begin PBXNativeTarget section */
		1E349E4B28AC0576000A31FE /* LoginMVVM */ = {
			isa = PBXNativeTarget;
			buildConfigurationList = 1E349E6028AC0577000A31FE /* Build configuration list for PBXNativeTarget "LoginMVVM" */;
			buildPhases = (
				1E349E4828AC0576000A31FE /* Sources */,
				1E349E4928AC0576000A31FE /* Frameworks */,
				1E349E4A28AC0576000A31FE /* Resources */,
			);
			buildRules = (
			);
			dependencies = (
			);
			name = LoginMVVM;
			productName = LoginMVVM;
			productReference = 1E349E4C28AC0576000A31FE /* LoginMVVM.app */;
			productType = "com.apple.product-type.application";
		};
/* End PBXNativeTarget section */

/* Begin PBXProject section */
		1E349E4428AC0576000A31FE /* Project object */ = {
			isa = PBXProject;
			attributes = {
				LastSwiftUpdateCheck = 1240;
				LastUpgradeCheck = 1240;
				TargetAttributes = {
					1E349E4B28AC0576000A31FE = {
						CreatedOnToolsVersion = 12.4;
					};
				};
			};
			buildConfigurationList = 1E349E4728AC0576000A31FE /* Build configuration list for PBXProject "LoginMVVM" */;
			compatibilityVersion = "Xcode 9.3";
			developmentRegion = en;
			hasScannedForEncodings = 0;
			knownRegions = (
				en,
				Base,
			);
			mainGroup = 1E349E4328AC0576000A31FE;
			productRefGroup = 1E349E4D28AC0576000A31FE /* Products */;
			projectDirPath = "";
			projectRoot = "";
			targets = (
				1E349E4B28AC0576000A31FE /* LoginMVVM */,
			);
		};
/* End PBXProject section */

/* Begin PBXResourcesBuildPhase section */
		1E349E4A28AC0576000A31FE /* Resources */ = {
			isa = PBXResourcesBuildPhase;
			buildActionMask = 2147483647;
			files = (
				1E349E9728AC1935000A31FE /* UserTableViewCell.xib in Resources */,
				1E349E5C28AC0577000A31FE /* LaunchScreen.storyboard in Resources */,
				1E349E5928AC0577000A31FE /* Assets.xcassets in Resources */,
				1E349E5728AC0576000A31FE /* Main.storyboard in Resources */,
			);
			runOnlyForDeploymentPostprocessing = 0;
		};
/* End PBXResourcesBuildPhase section */

/* Begin PBXSourcesBuildPhase section */
		1E349E4828AC0576000A31FE /* Sources */ = {
			isa = PBXSourcesBuildPhase;
			buildActionMask = 2147483647;
			files = (
				1E349E8A28AC133D000A31FE /* HttpUtility.swift in Sources */,
				1E349E5428AC0576000A31FE /* ViewController.swift in Sources */,
				1E349E5028AC0576000A31FE /* AppDelegate.swift in Sources */,
				1E349E6D28AC0654000A31FE /* LoginViewController.swift in Sources */,
				1E349E9628AC1935000A31FE /* UserTableViewCell.swift in Sources */,
				1E349E8528AC114A000A31FE /* UserListViewController.swift in Sources */,
				1E349E7728AC0850000A31FE /* ValidationResult.swift in Sources */,
				1E349E5228AC0576000A31FE /* SceneDelegate.swift in Sources */,
				1E349E6628AC05B9000A31FE /* LoginRequest.swift in Sources */,
				1E349E6928AC05CE000A31FE /* LoginResponse.swift in Sources */,
				1E349E8E28AC139F000A31FE /* UserListViewModel.swift in Sources */,
				1E349E7228AC073C000A31FE /* Validation.swift in Sources */,
				1E349E8028AC0AF4000A31FE /* Common.swift in Sources */,
				1E349E9128AC1598000A31FE /* UserListModel.swift in Sources */,
				1E349E7B28AC08FE000A31FE /* LoginViewModel.swift in Sources */,
				BDCF9E4A28AE722F00C84DF2 /* MapViewController.swift in Sources */,
			);
			runOnlyForDeploymentPostprocessing = 0;
		};
/* End PBXSourcesBuildPhase section */

/* Begin PBXVariantGroup section */
		1E349E5528AC0576000A31FE /* Main.storyboard */ = {
			isa = PBXVariantGroup;
			children = (
				1E349E5628AC0576000A31FE /* Base */,
			);
			name = Main.storyboard;
			sourceTree = "<group>";
		};
		1E349E5A28AC0577000A31FE /* LaunchScreen.storyboard */ = {
			isa = PBXVariantGroup;
			children = (
				1E349E5B28AC0577000A31FE /* Base */,
			);
			name = LaunchScreen.storyboard;
			sourceTree = "<group>";
		};
/* End PBXVariantGroup section */

/* Begin XCBuildConfiguration section */
		1E349E5E28AC0577000A31FE /* Debug */ = {
			isa = XCBuildConfiguration;
			buildSettings = {
				ALWAYS_SEARCH_USER_PATHS = NO;
				CLANG_ANALYZER_NONNULL = YES;
				CLANG_ANALYZER_NUMBER_OBJECT_CONVERSION = YES_AGGRESSIVE;
				CLANG_CXX_LANGUAGE_STANDARD = "gnu++14";
				CLANG_CXX_LIBRARY = "libc++";
				CLANG_ENABLE_MODULES = YES;
				CLANG_ENABLE_OBJC_ARC = YES;
				CLANG_ENABLE_OBJC_WEAK = YES;
				CLANG_WARN_BLOCK_CAPTURE_AUTORELEASING = YES;
				CLANG_WARN_BOOL_CONVERSION = YES;
				CLANG_WARN_COMMA = YES;
				CLANG_WARN_CONSTANT_CONVERSION = YES;
				CLANG_WARN_DEPRECATED_OBJC_IMPLEMENTATIONS = YES;
				CLANG_WARN_DIRECT_OBJC_ISA_USAGE = YES_ERROR;
				CLANG_WARN_DOCUMENTATION_COMMENTS = YES;
				CLANG_WARN_EMPTY_BODY = YES;
				CLANG_WARN_ENUM_CONVERSION = YES;
				CLANG_WARN_INFINITE_RECURSION = YES;
				CLANG_WARN_INT_CONVERSION = YES;
				CLANG_WARN_NON_LITERAL_NULL_CONVERSION = YES;
				CLANG_WARN_OBJC_IMPLICIT_RETAIN_SELF = YES;
				CLANG_WARN_OBJC_LITERAL_CONVERSION = YES;
				CLANG_WARN_OBJC_ROOT_CLASS = YES_ERROR;
				CLANG_WARN_QUOTED_INCLUDE_IN_FRAMEWORK_HEADER = YES;
				CLANG_WARN_RANGE_LOOP_ANALYSIS = YES;
				CLANG_WARN_STRICT_PROTOTYPES = YES;
				CLANG_WARN_SUSPICIOUS_MOVE = YES;
				CLANG_WARN_UNGUARDED_AVAILABILITY = YES_AGGRESSIVE;
				CLANG_WARN_UNREACHABLE_CODE = YES;
				CLANG_WARN__DUPLICATE_METHOD_MATCH = YES;
				COPY_PHASE_STRIP = NO;
				DEBUG_INFORMATION_FORMAT = dwarf;
				ENABLE_STRICT_OBJC_MSGSEND = YES;
				ENABLE_TESTABILITY = YES;
				GCC_C_LANGUAGE_STANDARD = gnu11;
				GCC_DYNAMIC_NO_PIC = NO;
				GCC_NO_COMMON_BLOCKS = YES;
				GCC_OPTIMIZATION_LEVEL = 0;
				GCC_PREPROCESSOR_DEFINITIONS = (
					"DEBUG=1",
					"$(inherited)",
				);
				GCC_WARN_64_TO_32_BIT_CONVERSION = YES;
				GCC_WARN_ABOUT_RETURN_TYPE = YES_ERROR;
				GCC_WARN_UNDECLARED_SELECTOR = YES;
				GCC_WARN_UNINITIALIZED_AUTOS = YES_AGGRESSIVE;
				GCC_WARN_UNUSED_FUNCTION = YES;
				GCC_WARN_UNUSED_VARIABLE = YES;
				IPHONEOS_DEPLOYMENT_TARGET = 14.4;
				MTL_ENABLE_DEBUG_INFO = INCLUDE_SOURCE;
				MTL_FAST_MATH = YES;
				ONLY_ACTIVE_ARCH = YES;
				SDKROOT = iphoneos;
				SWIFT_ACTIVE_COMPILATION_CONDITIONS = DEBUG;
				SWIFT_OPTIMIZATION_LEVEL = "-Onone";
			};
			name = Debug;
		};
		1E349E5F28AC0577000A31FE /* Release */ = {
			isa = XCBuildConfiguration;
			buildSettings = {
				ALWAYS_SEARCH_USER_PATHS = NO;
				CLANG_ANALYZER_NONNULL = YES;
				CLANG_ANALYZER_NUMBER_OBJECT_CONVERSION = YES_AGGRESSIVE;
				CLANG_CXX_LANGUAGE_STANDARD = "gnu++14";
				CLANG_CXX_LIBRARY = "libc++";
				CLANG_ENABLE_MODULES = YES;
				CLANG_ENABLE_OBJC_ARC = YES;
				CLANG_ENABLE_OBJC_WEAK = YES;
				CLANG_WARN_BLOCK_CAPTURE_AUTORELEASING = YES;
				CLANG_WARN_BOOL_CONVERSION = YES;
				CLANG_WARN_COMMA = YES;
				CLANG_WARN_CONSTANT_CONVERSION = YES;
				CLANG_WARN_DEPRECATED_OBJC_IMPLEMENTATIONS = YES;
				CLANG_WARN_DIRECT_OBJC_ISA_USAGE = YES_ERROR;
				CLANG_WARN_DOCUMENTATION_COMMENTS = YES;
				CLANG_WARN_EMPTY_BODY = YES;
				CLANG_WARN_ENUM_CONVERSION = YES;
				CLANG_WARN_INFINITE_RECURSION = YES;
				CLANG_WARN_INT_CONVERSION = YES;
				CLANG_WARN_NON_LITERAL_NULL_CONVERSION = YES;
				CLANG_WARN_OBJC_IMPLICIT_RETAIN_SELF = YES;
				CLANG_WARN_OBJC_LITERAL_CONVERSION = YES;
				CLANG_WARN_OBJC_ROOT_CLASS = YES_ERROR;
				CLANG_WARN_QUOTED_INCLUDE_IN_FRAMEWORK_HEADER = YES;
				CLANG_WARN_RANGE_LOOP_ANALYSIS = YES;
				CLANG_WARN_STRICT_PROTOTYPES = YES;
				CLANG_WARN_SUSPICIOUS_MOVE = YES;
				CLANG_WARN_UNGUARDED_AVAILABILITY = YES_AGGRESSIVE;
				CLANG_WARN_UNREACHABLE_CODE = YES;
				CLANG_WARN__DUPLICATE_METHOD_MATCH = YES;
				COPY_PHASE_STRIP = NO;
				DEBUG_INFORMATION_FORMAT = "dwarf-with-dsym";
				ENABLE_NS_ASSERTIONS = NO;
				ENABLE_STRICT_OBJC_MSGSEND = YES;
				GCC_C_LANGUAGE_STANDARD = gnu11;
				GCC_NO_COMMON_BLOCKS = YES;
				GCC_WARN_64_TO_32_BIT_CONVERSION = YES;
				GCC_WARN_ABOUT_RETURN_TYPE = YES_ERROR;
				GCC_WARN_UNDECLARED_SELECTOR = YES;
				GCC_WARN_UNINITIALIZED_AUTOS = YES_AGGRESSIVE;
				GCC_WARN_UNUSED_FUNCTION = YES;
				GCC_WARN_UNUSED_VARIABLE = YES;
				IPHONEOS_DEPLOYMENT_TARGET = 14.4;
				MTL_ENABLE_DEBUG_INFO = NO;
				MTL_FAST_MATH = YES;
				SDKROOT = iphoneos;
				SWIFT_COMPILATION_MODE = wholemodule;
				SWIFT_OPTIMIZATION_LEVEL = "-O";
				VALIDATE_PRODUCT = YES;
			};
			name = Release;
		};
		1E349E6128AC0577000A31FE /* Debug */ = {
			isa = XCBuildConfiguration;
			buildSettings = {
				ASSETCATALOG_COMPILER_APPICON_NAME = AppIcon;
				ASSETCATALOG_COMPILER_GLOBAL_ACCENT_COLOR_NAME = AccentColor;
				CODE_SIGN_STYLE = Automatic;
				INFOPLIST_FILE = LoginMVVM/Info.plist;
				LD_RUNPATH_SEARCH_PATHS = (
					"$(inherited)",
					"@executable_path/Frameworks",
				);
				PRODUCT_BUNDLE_IDENTIFIER = Dew.LoginMVVM;
				PRODUCT_NAME = "$(TARGET_NAME)";
				SWIFT_VERSION = 5.0;
				TARGETED_DEVICE_FAMILY = "1,2";
			};
			name = Debug;
		};
		1E349E6228AC0577000A31FE /* Release */ = {
			isa = XCBuildConfiguration;
			buildSettings = {
				ASSETCATALOG_COMPILER_APPICON_NAME = AppIcon;
				ASSETCATALOG_COMPILER_GLOBAL_ACCENT_COLOR_NAME = AccentColor;
				CODE_SIGN_STYLE = Automatic;
				INFOPLIST_FILE = LoginMVVM/Info.plist;
				LD_RUNPATH_SEARCH_PATHS = (
					"$(inherited)",
					"@executable_path/Frameworks",
				);
				PRODUCT_BUNDLE_IDENTIFIER = Dew.LoginMVVM;
				PRODUCT_NAME = "$(TARGET_NAME)";
				SWIFT_VERSION = 5.0;
				TARGETED_DEVICE_FAMILY = "1,2";
			};
			name = Release;
		};
/* End XCBuildConfiguration section */

/* Begin XCConfigurationList section */
		1E349E4728AC0576000A31FE /* Build configuration list for PBXProject "LoginMVVM" */ = {
			isa = XCConfigurationList;
			buildConfigurations = (
				1E349E5E28AC0577000A31FE /* Debug */,
				1E349E5F28AC0577000A31FE /* Release */,
			);
			defaultConfigurationIsVisible = 0;
			defaultConfigurationName = Release;
		};
		1E349E6028AC0577000A31FE /* Build configuration list for PBXNativeTarget "LoginMVVM" */ = {
			isa = XCConfigurationList;
			buildConfigurations = (
				1E349E6128AC0577000A31FE /* Debug */,
				1E349E6228AC0577000A31FE /* Release */,
			);
			defaultConfigurationIsVisible = 0;
			defaultConfigurationName = Release;
		};
/* End XCConfigurationList section */
	};
	rootObject = 1E349E4428AC0576000A31FE /* Project object */;
}
